// !$*UTF8*$!
{
	archiveVersion = 1;
	classes = {
	};
	objectVersion = 56;
	objects = {

/* Begin PBXBuildFile section */
		3A87052A521F6A30B8A2EB24 /* Pods_MyPortfolio_MyPortfolioUITests.framework in Frameworks */ = {isa = PBXBuildFile; fileRef = 2B7671E86981A3073904398B /* Pods_MyPortfolio_MyPortfolioUITests.framework */; };
		4F510A5129FA4C4B00E21CDB /* GetPortfolioApiRequestMock.swift in Sources */ = {isa = PBXBuildFile; fileRef = 4F510A5029FA4C4B00E21CDB /* GetPortfolioApiRequestMock.swift */; };
		4F510A5429FA4D2100E21CDB /* PortFolioViewModelTests.swift in Sources */ = {isa = PBXBuildFile; fileRef = 4F510A5329FA4D2100E21CDB /* PortFolioViewModelTests.swift */; };
		4F510A5E29FACB2700E21CDB /* TestDataUtilities.swift in Sources */ = {isa = PBXBuildFile; fileRef = 4F510A5D29FACB2700E21CDB /* TestDataUtilities.swift */; };
		4F510A5F29FAF9A200E21CDB /* stockdata.json in Resources */ = {isa = PBXBuildFile; fileRef = 4F510A5B29FACA2C00E21CDB /* stockdata.json */; };
		4F510A6129FB192000E21CDB /* nostockdata.json in Resources */ = {isa = PBXBuildFile; fileRef = 4F510A6029FB192000E21CDB /* nostockdata.json */; };
		4F54D01629F8F74900D882F1 /* AppDelegate.swift in Sources */ = {isa = PBXBuildFile; fileRef = 4F54D01529F8F74900D882F1 /* AppDelegate.swift */; };
		4F54D01829F8F74900D882F1 /* SceneDelegate.swift in Sources */ = {isa = PBXBuildFile; fileRef = 4F54D01729F8F74900D882F1 /* SceneDelegate.swift */; };
		4F54D01A29F8F74900D882F1 /* ViewController.swift in Sources */ = {isa = PBXBuildFile; fileRef = 4F54D01929F8F74900D882F1 /* ViewController.swift */; };
		4F54D01D29F8F74900D882F1 /* Main.storyboard in Resources */ = {isa = PBXBuildFile; fileRef = 4F54D01B29F8F74900D882F1 /* Main.storyboard */; };
		4F54D01F29F8F74B00D882F1 /* Assets.xcassets in Resources */ = {isa = PBXBuildFile; fileRef = 4F54D01E29F8F74B00D882F1 /* Assets.xcassets */; };
		4F54D02229F8F74B00D882F1 /* LaunchScreen.storyboard in Resources */ = {isa = PBXBuildFile; fileRef = 4F54D02029F8F74B00D882F1 /* LaunchScreen.storyboard */; };
		4F54D03729F8F74B00D882F1 /* MyPortfolioUITests.swift in Sources */ = {isa = PBXBuildFile; fileRef = 4F54D03629F8F74B00D882F1 /* MyPortfolioUITests.swift */; };
		4F54D03929F8F74B00D882F1 /* MyPortfolioUITestsLaunchTests.swift in Sources */ = {isa = PBXBuildFile; fileRef = 4F54D03829F8F74B00D882F1 /* MyPortfolioUITestsLaunchTests.swift */; };
		4F54D04B29F8FA8500D882F1 /* BaseViewController.swift in Sources */ = {isa = PBXBuildFile; fileRef = 4F54D04829F8FA8400D882F1 /* BaseViewController.swift */; };
		4F54D04C29F8FA8500D882F1 /* StockTableViewCell.swift in Sources */ = {isa = PBXBuildFile; fileRef = 4F54D04929F8FA8500D882F1 /* StockTableViewCell.swift */; };
		4F54D04D29F8FA8500D882F1 /* StockTableViewCell.xib in Resources */ = {isa = PBXBuildFile; fileRef = 4F54D04A29F8FA8500D882F1 /* StockTableViewCell.xib */; };
		4F54D05029F8FAE400D882F1 /* BaseViewModel.swift in Sources */ = {isa = PBXBuildFile; fileRef = 4F54D04E29F8FAE400D882F1 /* BaseViewModel.swift */; };
		4F54D05429F8FB5B00D882F1 /* StockModel.swift in Sources */ = {isa = PBXBuildFile; fileRef = 4F54D05329F8FB5B00D882F1 /* StockModel.swift */; };
		4F54D05729F8FB8F00D882F1 /* Stock.swift in Sources */ = {isa = PBXBuildFile; fileRef = 4F54D05629F8FB8F00D882F1 /* Stock.swift */; };
		4F54D05E29F8FC0E00D882F1 /* GetPortfolioApiRequest.swift in Sources */ = {isa = PBXBuildFile; fileRef = 4F54D05C29F8FC0E00D882F1 /* GetPortfolioApiRequest.swift */; };
		4F54D05F29F8FC0E00D882F1 /* ApiRequestProtocol.swift in Sources */ = {isa = PBXBuildFile; fileRef = 4F54D05D29F8FC0E00D882F1 /* ApiRequestProtocol.swift */; };
		4F54D06429F8FE4D00D882F1 /* AppDelegate+Injection.swift in Sources */ = {isa = PBXBuildFile; fileRef = 4F54D06329F8FE4D00D882F1 /* AppDelegate+Injection.swift */; };
		4F54D06629F8FE7000D882F1 /* ResolverIdentifier.swift in Sources */ = {isa = PBXBuildFile; fileRef = 4F54D06529F8FE7000D882F1 /* ResolverIdentifier.swift */; };
		4F54D06829F8FFAD00D882F1 /* PortFolioViewModel.swift in Sources */ = {isa = PBXBuildFile; fileRef = 4F54D06729F8FFAD00D882F1 /* PortFolioViewModel.swift */; };
		4FDB6F6B29FB1ACF00887F5D /* stockbaddata.json in Resources */ = {isa = PBXBuildFile; fileRef = 4FDB6F6A29FB1ACF00887F5D /* stockbaddata.json */; };
		988CD3E6BD4638D31573D8AF /* Pods_MyPortfolioTests.framework in Frameworks */ = {isa = PBXBuildFile; fileRef = A4E6D552152BB6D181038F13 /* Pods_MyPortfolioTests.framework */; };
		E23A7F6A8FF68FD48092EF76 /* Pods_MyPortfolio.framework in Frameworks */ = {isa = PBXBuildFile; fileRef = 25AC76D6480B877981E811A7 /* Pods_MyPortfolio.framework */; };
/* End PBXBuildFile section */

/* Begin PBXContainerItemProxy section */
		4F54D02929F8F74B00D882F1 /* PBXContainerItemProxy */ = {
			isa = PBXContainerItemProxy;
			containerPortal = 4F54D00A29F8F74900D882F1 /* Project object */;
			proxyType = 1;
			remoteGlobalIDString = 4F54D01129F8F74900D882F1;
			remoteInfo = MyPortfolio;
		};
		4F54D03329F8F74B00D882F1 /* PBXContainerItemProxy */ = {
			isa = PBXContainerItemProxy;
			containerPortal = 4F54D00A29F8F74900D882F1 /* Project object */;
			proxyType = 1;
			remoteGlobalIDString = 4F54D01129F8F74900D882F1;
			remoteInfo = MyPortfolio;
		};
/* End PBXContainerItemProxy section */

/* Begin PBXFileReference section */
		25AC76D6480B877981E811A7 /* Pods_MyPortfolio.framework */ = {isa = PBXFileReference; explicitFileType = wrapper.framework; includeInIndex = 0; path = Pods_MyPortfolio.framework; sourceTree = BUILT_PRODUCTS_DIR; };
		2B7671E86981A3073904398B /* Pods_MyPortfolio_MyPortfolioUITests.framework */ = {isa = PBXFileReference; explicitFileType = wrapper.framework; includeInIndex = 0; path = Pods_MyPortfolio_MyPortfolioUITests.framework; sourceTree = BUILT_PRODUCTS_DIR; };
		342BAA744BE8EE88FDB321EF /* Pods-MyPortfolioTests.debug.xcconfig */ = {isa = PBXFileReference; includeInIndex = 1; lastKnownFileType = text.xcconfig; name = "Pods-MyPortfolioTests.debug.xcconfig"; path = "Target Support Files/Pods-MyPortfolioTests/Pods-MyPortfolioTests.debug.xcconfig"; sourceTree = "<group>"; };
		3BD5DEF2358913B382A6367B /* Pods-MyPortfolioTests.release.xcconfig */ = {isa = PBXFileReference; includeInIndex = 1; lastKnownFileType = text.xcconfig; name = "Pods-MyPortfolioTests.release.xcconfig"; path = "Target Support Files/Pods-MyPortfolioTests/Pods-MyPortfolioTests.release.xcconfig"; sourceTree = "<group>"; };
		4F510A5029FA4C4B00E21CDB /* GetPortfolioApiRequestMock.swift */ = {isa = PBXFileReference; lastKnownFileType = sourcecode.swift; path = GetPortfolioApiRequestMock.swift; sourceTree = "<group>"; };
		4F510A5329FA4D2100E21CDB /* PortFolioViewModelTests.swift */ = {isa = PBXFileReference; lastKnownFileType = sourcecode.swift; path = PortFolioViewModelTests.swift; sourceTree = "<group>"; };
		4F510A5B29FACA2C00E21CDB /* stockdata.json */ = {isa = PBXFileReference; lastKnownFileType = text.json; path = stockdata.json; sourceTree = "<group>"; };
		4F510A5D29FACB2700E21CDB /* TestDataUtilities.swift */ = {isa = PBXFileReference; lastKnownFileType = sourcecode.swift; path = TestDataUtilities.swift; sourceTree = "<group>"; };
		4F510A6029FB192000E21CDB /* nostockdata.json */ = {isa = PBXFileReference; lastKnownFileType = text.json; path = nostockdata.json; sourceTree = "<group>"; };
		4F54D01229F8F74900D882F1 /* MyPortfolio.app */ = {isa = PBXFileReference; explicitFileType = wrapper.application; includeInIndex = 0; path = MyPortfolio.app; sourceTree = BUILT_PRODUCTS_DIR; };
		4F54D01529F8F74900D882F1 /* AppDelegate.swift */ = {isa = PBXFileReference; lastKnownFileType = sourcecode.swift; path = AppDelegate.swift; sourceTree = "<group>"; };
		4F54D01729F8F74900D882F1 /* SceneDelegate.swift */ = {isa = PBXFileReference; lastKnownFileType = sourcecode.swift; path = SceneDelegate.swift; sourceTree = "<group>"; };
		4F54D01929F8F74900D882F1 /* ViewController.swift */ = {isa = PBXFileReference; lastKnownFileType = sourcecode.swift; path = ViewController.swift; sourceTree = "<group>"; };
		4F54D01C29F8F74900D882F1 /* Base */ = {isa = PBXFileReference; lastKnownFileType = file.storyboard; name = Base; path = Base.lproj/Main.storyboard; sourceTree = "<group>"; };
		4F54D01E29F8F74B00D882F1 /* Assets.xcassets */ = {isa = PBXFileReference; lastKnownFileType = folder.assetcatalog; path = Assets.xcassets; sourceTree = "<group>"; };
		4F54D02129F8F74B00D882F1 /* Base */ = {isa = PBXFileReference; lastKnownFileType = file.storyboard; name = Base; path = Base.lproj/LaunchScreen.storyboard; sourceTree = "<group>"; };
		4F54D02329F8F74B00D882F1 /* Info.plist */ = {isa = PBXFileReference; lastKnownFileType = text.plist.xml; path = Info.plist; sourceTree = "<group>"; };
		4F54D02829F8F74B00D882F1 /* MyPortfolioTests.xctest */ = {isa = PBXFileReference; explicitFileType = wrapper.cfbundle; includeInIndex = 0; path = MyPortfolioTests.xctest; sourceTree = BUILT_PRODUCTS_DIR; };
		4F54D03229F8F74B00D882F1 /* MyPortfolioUITests.xctest */ = {isa = PBXFileReference; explicitFileType = wrapper.cfbundle; includeInIndex = 0; path = MyPortfolioUITests.xctest; sourceTree = BUILT_PRODUCTS_DIR; };
		4F54D03629F8F74B00D882F1 /* MyPortfolioUITests.swift */ = {isa = PBXFileReference; lastKnownFileType = sourcecode.swift; path = MyPortfolioUITests.swift; sourceTree = "<group>"; };
		4F54D03829F8F74B00D882F1 /* MyPortfolioUITestsLaunchTests.swift */ = {isa = PBXFileReference; lastKnownFileType = sourcecode.swift; path = MyPortfolioUITestsLaunchTests.swift; sourceTree = "<group>"; };
		4F54D04829F8FA8400D882F1 /* BaseViewController.swift */ = {isa = PBXFileReference; fileEncoding = 4; lastKnownFileType = sourcecode.swift; path = BaseViewController.swift; sourceTree = "<group>"; };
		4F54D04929F8FA8500D882F1 /* StockTableViewCell.swift */ = {isa = PBXFileReference; fileEncoding = 4; lastKnownFileType = sourcecode.swift; path = StockTableViewCell.swift; sourceTree = "<group>"; };
		4F54D04A29F8FA8500D882F1 /* StockTableViewCell.xib */ = {isa = PBXFileReference; fileEncoding = 4; lastKnownFileType = file.xib; path = StockTableViewCell.xib; sourceTree = "<group>"; };
		4F54D04E29F8FAE400D882F1 /* BaseViewModel.swift */ = {isa = PBXFileReference; fileEncoding = 4; lastKnownFileType = sourcecode.swift; path = BaseViewModel.swift; sourceTree = "<group>"; };
		4F54D05329F8FB5B00D882F1 /* StockModel.swift */ = {isa = PBXFileReference; lastKnownFileType = sourcecode.swift; path = StockModel.swift; sourceTree = "<group>"; };
		4F54D05629F8FB8F00D882F1 /* Stock.swift */ = {isa = PBXFileReference; fileEncoding = 4; lastKnownFileType = sourcecode.swift; path = Stock.swift; sourceTree = "<group>"; };
		4F54D05C29F8FC0E00D882F1 /* GetPortfolioApiRequest.swift */ = {isa = PBXFileReference; fileEncoding = 4; lastKnownFileType = sourcecode.swift; path = GetPortfolioApiRequest.swift; sourceTree = "<group>"; };
		4F54D05D29F8FC0E00D882F1 /* ApiRequestProtocol.swift */ = {isa = PBXFileReference; fileEncoding = 4; lastKnownFileType = sourcecode.swift; path = ApiRequestProtocol.swift; sourceTree = "<group>"; };
		4F54D06329F8FE4D00D882F1 /* AppDelegate+Injection.swift */ = {isa = PBXFileReference; lastKnownFileType = sourcecode.swift; path = "AppDelegate+Injection.swift"; sourceTree = "<group>"; };
		4F54D06529F8FE7000D882F1 /* ResolverIdentifier.swift */ = {isa = PBXFileReference; lastKnownFileType = sourcecode.swift; path = ResolverIdentifier.swift; sourceTree = "<group>"; };
		4F54D06729F8FFAD00D882F1 /* PortFolioViewModel.swift */ = {isa = PBXFileReference; lastKnownFileType = sourcecode.swift; path = PortFolioViewModel.swift; sourceTree = "<group>"; };
		4FDB6F6A29FB1ACF00887F5D /* stockbaddata.json */ = {isa = PBXFileReference; lastKnownFileType = text.json; path = stockbaddata.json; sourceTree = "<group>"; };
		6426FECF0DB5DE0EB143039D /* Pods-MyPortfolio.release.xcconfig */ = {isa = PBXFileReference; includeInIndex = 1; lastKnownFileType = text.xcconfig; name = "Pods-MyPortfolio.release.xcconfig"; path = "Target Support Files/Pods-MyPortfolio/Pods-MyPortfolio.release.xcconfig"; sourceTree = "<group>"; };
		9AE55D8E943345F8365F458E /* Pods-MyPortfolio-MyPortfolioUITests.debug.xcconfig */ = {isa = PBXFileReference; includeInIndex = 1; lastKnownFileType = text.xcconfig; name = "Pods-MyPortfolio-MyPortfolioUITests.debug.xcconfig"; path = "Target Support Files/Pods-MyPortfolio-MyPortfolioUITests/Pods-MyPortfolio-MyPortfolioUITests.debug.xcconfig"; sourceTree = "<group>"; };
		A4E6D552152BB6D181038F13 /* Pods_MyPortfolioTests.framework */ = {isa = PBXFileReference; explicitFileType = wrapper.framework; includeInIndex = 0; path = Pods_MyPortfolioTests.framework; sourceTree = BUILT_PRODUCTS_DIR; };
		E9BD776506A4B34EF133267D /* Pods-MyPortfolio-MyPortfolioUITests.release.xcconfig */ = {isa = PBXFileReference; includeInIndex = 1; lastKnownFileType = text.xcconfig; name = "Pods-MyPortfolio-MyPortfolioUITests.release.xcconfig"; path = "Target Support Files/Pods-MyPortfolio-MyPortfolioUITests/Pods-MyPortfolio-MyPortfolioUITests.release.xcconfig"; sourceTree = "<group>"; };
		ECC027387BED35B49D9C6637 /* Pods-MyPortfolio.debug.xcconfig */ = {isa = PBXFileReference; includeInIndex = 1; lastKnownFileType = text.xcconfig; name = "Pods-MyPortfolio.debug.xcconfig"; path = "Target Support Files/Pods-MyPortfolio/Pods-MyPortfolio.debug.xcconfig"; sourceTree = "<group>"; };
/* End PBXFileReference section */

/* Begin PBXFrameworksBuildPhase section */
		4F54D00F29F8F74900D882F1 /* Frameworks */ = {
			isa = PBXFrameworksBuildPhase;
			buildActionMask = 2147483647;
			files = (
				E23A7F6A8FF68FD48092EF76 /* Pods_MyPortfolio.framework in Frameworks */,
			);
			runOnlyForDeploymentPostprocessing = 0;
		};
		4F54D02529F8F74B00D882F1 /* Frameworks */ = {
			isa = PBXFrameworksBuildPhase;
			buildActionMask = 2147483647;
			files = (
				988CD3E6BD4638D31573D8AF /* Pods_MyPortfolioTests.framework in Frameworks */,
			);
			runOnlyForDeploymentPostprocessing = 0;
		};
		4F54D02F29F8F74B00D882F1 /* Frameworks */ = {
			isa = PBXFrameworksBuildPhase;
			buildActionMask = 2147483647;
			files = (
				3A87052A521F6A30B8A2EB24 /* Pods_MyPortfolio_MyPortfolioUITests.framework in Frameworks */,
			);
			runOnlyForDeploymentPostprocessing = 0;
		};
/* End PBXFrameworksBuildPhase section */

/* Begin PBXGroup section */
		4F510A4F29FA4C2400E21CDB /* MockImplementations */ = {
			isa = PBXGroup;
			children = (
				4F510A5029FA4C4B00E21CDB /* GetPortfolioApiRequestMock.swift */,
			);
			path = MockImplementations;
			sourceTree = "<group>";
		};
		4F510A5229FA4CFF00E21CDB /* ViewModelTests */ = {
			isa = PBXGroup;
			children = (
				4F510A5329FA4D2100E21CDB /* PortFolioViewModelTests.swift */,
			);
			path = ViewModelTests;
			sourceTree = "<group>";
		};
		4F510A5829FAC5EF00E21CDB /* TestData */ = {
			isa = PBXGroup;
			children = (
				4F510A5B29FACA2C00E21CDB /* stockdata.json */,
				4F510A6029FB192000E21CDB /* nostockdata.json */,
				4FDB6F6A29FB1ACF00887F5D /* stockbaddata.json */,
			);
			path = TestData;
			sourceTree = "<group>";
		};
		4F510A5C29FACAFD00E21CDB /* SupportingFiles */ = {
			isa = PBXGroup;
			children = (
				4F510A5D29FACB2700E21CDB /* TestDataUtilities.swift */,
			);
			path = SupportingFiles;
			sourceTree = "<group>";
		};
		4F54D00929F8F74900D882F1 = {
			isa = PBXGroup;
			children = (
				4F54D01429F8F74900D882F1 /* MyPortfolio */,
				4F54D02B29F8F74B00D882F1 /* MyPortfolioTests */,
				4F54D03529F8F74B00D882F1 /* MyPortfolioUITests */,
				4F54D01329F8F74900D882F1 /* Products */,
				5A4064B8EB753F36378B6AAD /* Pods */,
				816D34538F4D55645E24C57E /* Frameworks */,
			);
			sourceTree = "<group>";
		};
		4F54D01329F8F74900D882F1 /* Products */ = {
			isa = PBXGroup;
			children = (
				4F54D01229F8F74900D882F1 /* MyPortfolio.app */,
				4F54D02829F8F74B00D882F1 /* MyPortfolioTests.xctest */,
				4F54D03229F8F74B00D882F1 /* MyPortfolioUITests.xctest */,
			);
			name = Products;
			sourceTree = "<group>";
		};
		4F54D01429F8F74900D882F1 /* MyPortfolio */ = {
			isa = PBXGroup;
			children = (
				4F54D06229F8FE3000D882F1 /* DependencyRegistration */,
				4F54D05529F8FB7200D882F1 /* Models */,
				4F54D05229F8FB2200D882F1 /* Mapper */,
				4F54D04729F8F98900D882F1 /* NetworkLayer */,
				4F54D04629F8F97400D882F1 /* ViewModels */,
				4F54D04529F8F96D00D882F1 /* Views */,
				4F54D01529F8F74900D882F1 /* AppDelegate.swift */,
				4F54D01729F8F74900D882F1 /* SceneDelegate.swift */,
				4F54D01929F8F74900D882F1 /* ViewController.swift */,
				4F54D01B29F8F74900D882F1 /* Main.storyboard */,
				4F54D01E29F8F74B00D882F1 /* Assets.xcassets */,
				4F54D02029F8F74B00D882F1 /* LaunchScreen.storyboard */,
				4F54D02329F8F74B00D882F1 /* Info.plist */,
			);
			path = MyPortfolio;
			sourceTree = "<group>";
		};
		4F54D02B29F8F74B00D882F1 /* MyPortfolioTests */ = {
			isa = PBXGroup;
			children = (
				4F510A5C29FACAFD00E21CDB /* SupportingFiles */,
				4F510A5829FAC5EF00E21CDB /* TestData */,
				4F510A5229FA4CFF00E21CDB /* ViewModelTests */,
				4F510A4F29FA4C2400E21CDB /* MockImplementations */,
			);
			path = MyPortfolioTests;
			sourceTree = "<group>";
		};
		4F54D03529F8F74B00D882F1 /* MyPortfolioUITests */ = {
			isa = PBXGroup;
			children = (
				4F54D03629F8F74B00D882F1 /* MyPortfolioUITests.swift */,
				4F54D03829F8F74B00D882F1 /* MyPortfolioUITestsLaunchTests.swift */,
			);
			path = MyPortfolioUITests;
			sourceTree = "<group>";
		};
		4F54D04529F8F96D00D882F1 /* Views */ = {
			isa = PBXGroup;
			children = (
				4F54D04829F8FA8400D882F1 /* BaseViewController.swift */,
				4F54D04929F8FA8500D882F1 /* StockTableViewCell.swift */,
				4F54D04A29F8FA8500D882F1 /* StockTableViewCell.xib */,
			);
			path = Views;
			sourceTree = "<group>";
		};
		4F54D04629F8F97400D882F1 /* ViewModels */ = {
			isa = PBXGroup;
			children = (
				4F54D04E29F8FAE400D882F1 /* BaseViewModel.swift */,
				4F54D06729F8FFAD00D882F1 /* PortFolioViewModel.swift */,
			);
			path = ViewModels;
			sourceTree = "<group>";
		};
		4F54D04729F8F98900D882F1 /* NetworkLayer */ = {
			isa = PBXGroup;
			children = (
				4F54D05D29F8FC0E00D882F1 /* ApiRequestProtocol.swift */,
				4F54D05C29F8FC0E00D882F1 /* GetPortfolioApiRequest.swift */,
			);
			path = NetworkLayer;
			sourceTree = "<group>";
		};
		4F54D05229F8FB2200D882F1 /* Mapper */ = {
			isa = PBXGroup;
			children = (
				4F54D05329F8FB5B00D882F1 /* StockModel.swift */,
			);
			path = Mapper;
			sourceTree = "<group>";
		};
		4F54D05529F8FB7200D882F1 /* Models */ = {
			isa = PBXGroup;
			children = (
				4F54D05629F8FB8F00D882F1 /* Stock.swift */,
			);
			path = Models;
			sourceTree = "<group>";
		};
		4F54D06229F8FE3000D882F1 /* DependencyRegistration */ = {
			isa = PBXGroup;
			children = (
				4F54D06329F8FE4D00D882F1 /* AppDelegate+Injection.swift */,
				4F54D06529F8FE7000D882F1 /* ResolverIdentifier.swift */,
			);
			path = DependencyRegistration;
			sourceTree = "<group>";
		};
		5A4064B8EB753F36378B6AAD /* Pods */ = {
			isa = PBXGroup;
			children = (
				ECC027387BED35B49D9C6637 /* Pods-MyPortfolio.debug.xcconfig */,
				6426FECF0DB5DE0EB143039D /* Pods-MyPortfolio.release.xcconfig */,
				9AE55D8E943345F8365F458E /* Pods-MyPortfolio-MyPortfolioUITests.debug.xcconfig */,
				E9BD776506A4B34EF133267D /* Pods-MyPortfolio-MyPortfolioUITests.release.xcconfig */,
				342BAA744BE8EE88FDB321EF /* Pods-MyPortfolioTests.debug.xcconfig */,
				3BD5DEF2358913B382A6367B /* Pods-MyPortfolioTests.release.xcconfig */,
			);
			path = Pods;
			sourceTree = "<group>";
		};
		816D34538F4D55645E24C57E /* Frameworks */ = {
			isa = PBXGroup;
			children = (
				25AC76D6480B877981E811A7 /* Pods_MyPortfolio.framework */,
				2B7671E86981A3073904398B /* Pods_MyPortfolio_MyPortfolioUITests.framework */,
				A4E6D552152BB6D181038F13 /* Pods_MyPortfolioTests.framework */,
			);
			name = Frameworks;
			sourceTree = "<group>";
		};
/* End PBXGroup section */

/* Begin PBXNativeTarget section */
		4F54D01129F8F74900D882F1 /* MyPortfolio */ = {
			isa = PBXNativeTarget;
			buildConfigurationList = 4F54D03C29F8F74B00D882F1 /* Build configuration list for PBXNativeTarget "MyPortfolio" */;
			buildPhases = (
				6DAD9115E8413F66122087A2 /* [CP] Check Pods Manifest.lock */,
				4F54D00E29F8F74900D882F1 /* Sources */,
				4F54D00F29F8F74900D882F1 /* Frameworks */,
				4F54D01029F8F74900D882F1 /* Resources */,
				9AE8E5BD420B67B709A573F4 /* [CP] Embed Pods Frameworks */,
			);
			buildRules = (
			);
			dependencies = (
			);
			name = MyPortfolio;
			productName = MyPortfolio;
			productReference = 4F54D01229F8F74900D882F1 /* MyPortfolio.app */;
			productType = "com.apple.product-type.application";
		};
		4F54D02729F8F74B00D882F1 /* MyPortfolioTests */ = {
			isa = PBXNativeTarget;
			buildConfigurationList = 4F54D03F29F8F74B00D882F1 /* Build configuration list for PBXNativeTarget "MyPortfolioTests" */;
			buildPhases = (
				AD7F7024E9719BD08FE27C4F /* [CP] Check Pods Manifest.lock */,
				4F54D02429F8F74B00D882F1 /* Sources */,
				4F54D02529F8F74B00D882F1 /* Frameworks */,
				4F54D02629F8F74B00D882F1 /* Resources */,
			);
			buildRules = (
			);
			dependencies = (
				4F54D02A29F8F74B00D882F1 /* PBXTargetDependency */,
			);
			name = MyPortfolioTests;
			productName = MyPortfolioTests;
			productReference = 4F54D02829F8F74B00D882F1 /* MyPortfolioTests.xctest */;
			productType = "com.apple.product-type.bundle.unit-test";
		};
		4F54D03129F8F74B00D882F1 /* MyPortfolioUITests */ = {
			isa = PBXNativeTarget;
			buildConfigurationList = 4F54D04229F8F74B00D882F1 /* Build configuration list for PBXNativeTarget "MyPortfolioUITests" */;
			buildPhases = (
				85E7EF98862BE01ED7055EBE /* [CP] Check Pods Manifest.lock */,
				4F54D02E29F8F74B00D882F1 /* Sources */,
				4F54D02F29F8F74B00D882F1 /* Frameworks */,
				4F54D03029F8F74B00D882F1 /* Resources */,
				9E1AE5A5BBD441920EAF66F3 /* [CP] Embed Pods Frameworks */,
			);
			buildRules = (
			);
			dependencies = (
				4F54D03429F8F74B00D882F1 /* PBXTargetDependency */,
			);
			name = MyPortfolioUITests;
			productName = MyPortfolioUITests;
			productReference = 4F54D03229F8F74B00D882F1 /* MyPortfolioUITests.xctest */;
			productType = "com.apple.product-type.bundle.ui-testing";
		};
/* End PBXNativeTarget section */

/* Begin PBXProject section */
		4F54D00A29F8F74900D882F1 /* Project object */ = {
			isa = PBXProject;
			attributes = {
				BuildIndependentTargetsInParallel = 1;
				LastSwiftUpdateCheck = 1430;
				LastUpgradeCheck = 1430;
				TargetAttributes = {
					4F54D01129F8F74900D882F1 = {
						CreatedOnToolsVersion = 14.3;
					};
					4F54D02729F8F74B00D882F1 = {
						CreatedOnToolsVersion = 14.3;
						TestTargetID = 4F54D01129F8F74900D882F1;
					};
					4F54D03129F8F74B00D882F1 = {
						CreatedOnToolsVersion = 14.3;
						TestTargetID = 4F54D01129F8F74900D882F1;
					};
				};
			};
			buildConfigurationList = 4F54D00D29F8F74900D882F1 /* Build configuration list for PBXProject "MyPortfolio" */;
			compatibilityVersion = "Xcode 14.0";
			developmentRegion = en;
			hasScannedForEncodings = 0;
			knownRegions = (
				en,
				Base,
			);
			mainGroup = 4F54D00929F8F74900D882F1;
			productRefGroup = 4F54D01329F8F74900D882F1 /* Products */;
			projectDirPath = "";
			projectRoot = "";
			targets = (
				4F54D01129F8F74900D882F1 /* MyPortfolio */,
				4F54D02729F8F74B00D882F1 /* MyPortfolioTests */,
				4F54D03129F8F74B00D882F1 /* MyPortfolioUITests */,
			);
		};
/* End PBXProject section */

/* Begin PBXResourcesBuildPhase section */
		4F54D01029F8F74900D882F1 /* Resources */ = {
			isa = PBXResourcesBuildPhase;
			buildActionMask = 2147483647;
			files = (
				4F54D02229F8F74B00D882F1 /* LaunchScreen.storyboard in Resources */,
				4F54D01F29F8F74B00D882F1 /* Assets.xcassets in Resources */,
				4F54D04D29F8FA8500D882F1 /* StockTableViewCell.xib in Resources */,
				4F54D01D29F8F74900D882F1 /* Main.storyboard in Resources */,
			);
			runOnlyForDeploymentPostprocessing = 0;
		};
		4F54D02629F8F74B00D882F1 /* Resources */ = {
			isa = PBXResourcesBuildPhase;
			buildActionMask = 2147483647;
			files = (
				4F510A5F29FAF9A200E21CDB /* stockdata.json in Resources */,
				4F510A6129FB192000E21CDB /* nostockdata.json in Resources */,
				4FDB6F6B29FB1ACF00887F5D /* stockbaddata.json in Resources */,
			);
			runOnlyForDeploymentPostprocessing = 0;
		};
		4F54D03029F8F74B00D882F1 /* Resources */ = {
			isa = PBXResourcesBuildPhase;
			buildActionMask = 2147483647;
			files = (
			);
			runOnlyForDeploymentPostprocessing = 0;
		};
/* End PBXResourcesBuildPhase section */

/* Begin PBXShellScriptBuildPhase section */
		6DAD9115E8413F66122087A2 /* [CP] Check Pods Manifest.lock */ = {
			isa = PBXShellScriptBuildPhase;
			buildActionMask = 2147483647;
			files = (
			);
			inputFileListPaths = (
			);
			inputPaths = (
				"${PODS_PODFILE_DIR_PATH}/Podfile.lock",
				"${PODS_ROOT}/Manifest.lock",
			);
			name = "[CP] Check Pods Manifest.lock";
			outputFileListPaths = (
			);
			outputPaths = (
				"$(DERIVED_FILE_DIR)/Pods-MyPortfolio-checkManifestLockResult.txt",
			);
			runOnlyForDeploymentPostprocessing = 0;
			shellPath = /bin/sh;
			shellScript = "diff \"${PODS_PODFILE_DIR_PATH}/Podfile.lock\" \"${PODS_ROOT}/Manifest.lock\" > /dev/null\nif [ $? != 0 ] ; then\n    # print error to STDERR\n    echo \"error: The sandbox is not in sync with the Podfile.lock. Run 'pod install' or update your CocoaPods installation.\" >&2\n    exit 1\nfi\n# This output is used by Xcode 'outputs' to avoid re-running this script phase.\necho \"SUCCESS\" > \"${SCRIPT_OUTPUT_FILE_0}\"\n";
			showEnvVarsInLog = 0;
		};
		85E7EF98862BE01ED7055EBE /* [CP] Check Pods Manifest.lock */ = {
			isa = PBXShellScriptBuildPhase;
			buildActionMask = 2147483647;
			files = (
			);
			inputFileListPaths = (
			);
			inputPaths = (
				"${PODS_PODFILE_DIR_PATH}/Podfile.lock",
				"${PODS_ROOT}/Manifest.lock",
			);
			name = "[CP] Check Pods Manifest.lock";
			outputFileListPaths = (
			);
			outputPaths = (
				"$(DERIVED_FILE_DIR)/Pods-MyPortfolio-MyPortfolioUITests-checkManifestLockResult.txt",
			);
			runOnlyForDeploymentPostprocessing = 0;
			shellPath = /bin/sh;
			shellScript = "diff \"${PODS_PODFILE_DIR_PATH}/Podfile.lock\" \"${PODS_ROOT}/Manifest.lock\" > /dev/null\nif [ $? != 0 ] ; then\n    # print error to STDERR\n    echo \"error: The sandbox is not in sync with the Podfile.lock. Run 'pod install' or update your CocoaPods installation.\" >&2\n    exit 1\nfi\n# This output is used by Xcode 'outputs' to avoid re-running this script phase.\necho \"SUCCESS\" > \"${SCRIPT_OUTPUT_FILE_0}\"\n";
			showEnvVarsInLog = 0;
		};
		9AE8E5BD420B67B709A573F4 /* [CP] Embed Pods Frameworks */ = {
			isa = PBXShellScriptBuildPhase;
			buildActionMask = 2147483647;
			files = (
			);
			inputFileListPaths = (
				"${PODS_ROOT}/Target Support Files/Pods-MyPortfolio/Pods-MyPortfolio-frameworks-${CONFIGURATION}-input-files.xcfilelist",
			);
			name = "[CP] Embed Pods Frameworks";
			outputFileListPaths = (
				"${PODS_ROOT}/Target Support Files/Pods-MyPortfolio/Pods-MyPortfolio-frameworks-${CONFIGURATION}-output-files.xcfilelist",
			);
			runOnlyForDeploymentPostprocessing = 0;
			shellPath = /bin/sh;
			shellScript = "\"${PODS_ROOT}/Target Support Files/Pods-MyPortfolio/Pods-MyPortfolio-frameworks.sh\"\n";
			showEnvVarsInLog = 0;
		};
		9E1AE5A5BBD441920EAF66F3 /* [CP] Embed Pods Frameworks */ = {
			isa = PBXShellScriptBuildPhase;
			buildActionMask = 2147483647;
			files = (
			);
			inputFileListPaths = (
				"${PODS_ROOT}/Target Support Files/Pods-MyPortfolio-MyPortfolioUITests/Pods-MyPortfolio-MyPortfolioUITests-frameworks-${CONFIGURATION}-input-files.xcfilelist",
			);
			name = "[CP] Embed Pods Frameworks";
			outputFileListPaths = (
				"${PODS_ROOT}/Target Support Files/Pods-MyPortfolio-MyPortfolioUITests/Pods-MyPortfolio-MyPortfolioUITests-frameworks-${CONFIGURATION}-output-files.xcfilelist",
			);
			runOnlyForDeploymentPostprocessing = 0;
			shellPath = /bin/sh;
			shellScript = "\"${PODS_ROOT}/Target Support Files/Pods-MyPortfolio-MyPortfolioUITests/Pods-MyPortfolio-MyPortfolioUITests-frameworks.sh\"\n";
			showEnvVarsInLog = 0;
		};
		AD7F7024E9719BD08FE27C4F /* [CP] Check Pods Manifest.lock */ = {
			isa = PBXShellScriptBuildPhase;
			buildActionMask = 2147483647;
			files = (
			);
			inputFileListPaths = (
			);
			inputPaths = (
				"${PODS_PODFILE_DIR_PATH}/Podfile.lock",
				"${PODS_ROOT}/Manifest.lock",
			);
			name = "[CP] Check Pods Manifest.lock";
			outputFileListPaths = (
			);
			outputPaths = (
				"$(DERIVED_FILE_DIR)/Pods-MyPortfolioTests-checkManifestLockResult.txt",
			);
			runOnlyForDeploymentPostprocessing = 0;
			shellPath = /bin/sh;
			shellScript = "diff \"${PODS_PODFILE_DIR_PATH}/Podfile.lock\" \"${PODS_ROOT}/Manifest.lock\" > /dev/null\nif [ $? != 0 ] ; then\n    # print error to STDERR\n    echo \"error: The sandbox is not in sync with the Podfile.lock. Run 'pod install' or update your CocoaPods installation.\" >&2\n    exit 1\nfi\n# This output is used by Xcode 'outputs' to avoid re-running this script phase.\necho \"SUCCESS\" > \"${SCRIPT_OUTPUT_FILE_0}\"\n";
			showEnvVarsInLog = 0;
		};
/* End PBXShellScriptBuildPhase section */

/* Begin PBXSourcesBuildPhase section */
		4F54D00E29F8F74900D882F1 /* Sources */ = {
			isa = PBXSourcesBuildPhase;
			buildActionMask = 2147483647;
			files = (
				4F54D06829F8FFAD00D882F1 /* PortFolioViewModel.swift in Sources */,
				4F54D06429F8FE4D00D882F1 /* AppDelegate+Injection.swift in Sources */,
				4F54D05429F8FB5B00D882F1 /* StockModel.swift in Sources */,
				4F54D04C29F8FA8500D882F1 /* StockTableViewCell.swift in Sources */,
				4F54D05F29F8FC0E00D882F1 /* ApiRequestProtocol.swift in Sources */,
				4F54D01A29F8F74900D882F1 /* ViewController.swift in Sources */,
				4F54D04B29F8FA8500D882F1 /* BaseViewController.swift in Sources */,
				4F54D01629F8F74900D882F1 /* AppDelegate.swift in Sources */,
				4F54D01829F8F74900D882F1 /* SceneDelegate.swift in Sources */,
				4F54D05029F8FAE400D882F1 /* BaseViewModel.swift in Sources */,
				4F54D06629F8FE7000D882F1 /* ResolverIdentifier.swift in Sources */,
				4F54D05E29F8FC0E00D882F1 /* GetPortfolioApiRequest.swift in Sources */,
				4F54D05729F8FB8F00D882F1 /* Stock.swift in Sources */,
			);
			runOnlyForDeploymentPostprocessing = 0;
		};
		4F54D02429F8F74B00D882F1 /* Sources */ = {
			isa = PBXSourcesBuildPhase;
			buildActionMask = 2147483647;
			files = (
				4F510A5129FA4C4B00E21CDB /* GetPortfolioApiRequestMock.swift in Sources */,
				4F510A5E29FACB2700E21CDB /* TestDataUtilities.swift in Sources */,
				4F510A5429FA4D2100E21CDB /* PortFolioViewModelTests.swift in Sources */,
			);
			runOnlyForDeploymentPostprocessing = 0;
		};
		4F54D02E29F8F74B00D882F1 /* Sources */ = {
			isa = PBXSourcesBuildPhase;
			buildActionMask = 2147483647;
			files = (
				4F54D03729F8F74B00D882F1 /* MyPortfolioUITests.swift in Sources */,
				4F54D03929F8F74B00D882F1 /* MyPortfolioUITestsLaunchTests.swift in Sources */,
			);
			runOnlyForDeploymentPostprocessing = 0;
		};
/* End PBXSourcesBuildPhase section */

/* Begin PBXTargetDependency section */
		4F54D02A29F8F74B00D882F1 /* PBXTargetDependency */ = {
			isa = PBXTargetDependency;
			target = 4F54D01129F8F74900D882F1 /* MyPortfolio */;
			targetProxy = 4F54D02929F8F74B00D882F1 /* PBXContainerItemProxy */;
		};
		4F54D03429F8F74B00D882F1 /* PBXTargetDependency */ = {
			isa = PBXTargetDependency;
			target = 4F54D01129F8F74900D882F1 /* MyPortfolio */;
			targetProxy = 4F54D03329F8F74B00D882F1 /* PBXContainerItemProxy */;
		};
/* End PBXTargetDependency section */

/* Begin PBXVariantGroup section */
		4F54D01B29F8F74900D882F1 /* Main.storyboard */ = {
			isa = PBXVariantGroup;
			children = (
				4F54D01C29F8F74900D882F1 /* Base */,
			);
			name = Main.storyboard;
			sourceTree = "<group>";
		};
		4F54D02029F8F74B00D882F1 /* LaunchScreen.storyboard */ = {
			isa = PBXVariantGroup;
			children = (
				4F54D02129F8F74B00D882F1 /* Base */,
			);
			name = LaunchScreen.storyboard;
			sourceTree = "<group>";
		};
/* End PBXVariantGroup section */

/* Begin XCBuildConfiguration section */
		4F54D03A29F8F74B00D882F1 /* Debug */ = {
			isa = XCBuildConfiguration;
			buildSettings = {
				ALWAYS_SEARCH_USER_PATHS = NO;
				CLANG_ANALYZER_NONNULL = YES;
				CLANG_ANALYZER_NUMBER_OBJECT_CONVERSION = YES_AGGRESSIVE;
				CLANG_CXX_LANGUAGE_STANDARD = "gnu++20";
				CLANG_ENABLE_MODULES = YES;
				CLANG_ENABLE_OBJC_ARC = YES;
				CLANG_ENABLE_OBJC_WEAK = YES;
				CLANG_WARN_BLOCK_CAPTURE_AUTORELEASING = YES;
				CLANG_WARN_BOOL_CONVERSION = YES;
				CLANG_WARN_COMMA = YES;
				CLANG_WARN_CONSTANT_CONVERSION = YES;
				CLANG_WARN_DEPRECATED_OBJC_IMPLEMENTATIONS = YES;
				CLANG_WARN_DIRECT_OBJC_ISA_USAGE = YES_ERROR;
				CLANG_WARN_DOCUMENTATION_COMMENTS = YES;
				CLANG_WARN_EMPTY_BODY = YES;
				CLANG_WARN_ENUM_CONVERSION = YES;
				CLANG_WARN_INFINITE_RECURSION = YES;
				CLANG_WARN_INT_CONVERSION = YES;
				CLANG_WARN_NON_LITERAL_NULL_CONVERSION = YES;
				CLANG_WARN_OBJC_IMPLICIT_RETAIN_SELF = YES;
				CLANG_WARN_OBJC_LITERAL_CONVERSION = YES;
				CLANG_WARN_OBJC_ROOT_CLASS = YES_ERROR;
				CLANG_WARN_QUOTED_INCLUDE_IN_FRAMEWORK_HEADER = YES;
				CLANG_WARN_RANGE_LOOP_ANALYSIS = YES;
				CLANG_WARN_STRICT_PROTOTYPES = YES;
				CLANG_WARN_SUSPICIOUS_MOVE = YES;
				CLANG_WARN_UNGUARDED_AVAILABILITY = YES_AGGRESSIVE;
				CLANG_WARN_UNREACHABLE_CODE = YES;
				CLANG_WARN__DUPLICATE_METHOD_MATCH = YES;
				COPY_PHASE_STRIP = NO;
				DEBUG_INFORMATION_FORMAT = dwarf;
				ENABLE_STRICT_OBJC_MSGSEND = YES;
				ENABLE_TESTABILITY = YES;
				GCC_C_LANGUAGE_STANDARD = gnu11;
				GCC_DYNAMIC_NO_PIC = NO;
				GCC_NO_COMMON_BLOCKS = YES;
				GCC_OPTIMIZATION_LEVEL = 0;
				GCC_PREPROCESSOR_DEFINITIONS = (
					"DEBUG=1",
					"$(inherited)",
				);
				GCC_WARN_64_TO_32_BIT_CONVERSION = YES;
				GCC_WARN_ABOUT_RETURN_TYPE = YES_ERROR;
				GCC_WARN_UNDECLARED_SELECTOR = YES;
				GCC_WARN_UNINITIALIZED_AUTOS = YES_AGGRESSIVE;
				GCC_WARN_UNUSED_FUNCTION = YES;
				GCC_WARN_UNUSED_VARIABLE = YES;
				IPHONEOS_DEPLOYMENT_TARGET = 16.4;
				MTL_ENABLE_DEBUG_INFO = INCLUDE_SOURCE;
				MTL_FAST_MATH = YES;
				ONLY_ACTIVE_ARCH = YES;
				SDKROOT = iphoneos;
				SWIFT_ACTIVE_COMPILATION_CONDITIONS = DEBUG;
				SWIFT_OPTIMIZATION_LEVEL = "-Onone";
			};
			name = Debug;
		};
		4F54D03B29F8F74B00D882F1 /* Release */ = {
			isa = XCBuildConfiguration;
			buildSettings = {
				ALWAYS_SEARCH_USER_PATHS = NO;
				CLANG_ANALYZER_NONNULL = YES;
				CLANG_ANALYZER_NUMBER_OBJECT_CONVERSION = YES_AGGRESSIVE;
				CLANG_CXX_LANGUAGE_STANDARD = "gnu++20";
				CLANG_ENABLE_MODULES = YES;
				CLANG_ENABLE_OBJC_ARC = YES;
				CLANG_ENABLE_OBJC_WEAK = YES;
				CLANG_WARN_BLOCK_CAPTURE_AUTORELEASING = YES;
				CLANG_WARN_BOOL_CONVERSION = YES;
				CLANG_WARN_COMMA = YES;
				CLANG_WARN_CONSTANT_CONVERSION = YES;
				CLANG_WARN_DEPRECATED_OBJC_IMPLEMENTATIONS = YES;
				CLANG_WARN_DIRECT_OBJC_ISA_USAGE = YES_ERROR;
				CLANG_WARN_DOCUMENTATION_COMMENTS = YES;
				CLANG_WARN_EMPTY_BODY = YES;
				CLANG_WARN_ENUM_CONVERSION = YES;
				CLANG_WARN_INFINITE_RECURSION = YES;
				CLANG_WARN_INT_CONVERSION = YES;
				CLANG_WARN_NON_LITERAL_NULL_CONVERSION = YES;
				CLANG_WARN_OBJC_IMPLICIT_RETAIN_SELF = YES;
				CLANG_WARN_OBJC_LITERAL_CONVERSION = YES;
				CLANG_WARN_OBJC_ROOT_CLASS = YES_ERROR;
				CLANG_WARN_QUOTED_INCLUDE_IN_FRAMEWORK_HEADER = YES;
				CLANG_WARN_RANGE_LOOP_ANALYSIS = YES;
				CLANG_WARN_STRICT_PROTOTYPES = YES;
				CLANG_WARN_SUSPICIOUS_MOVE = YES;
				CLANG_WARN_UNGUARDED_AVAILABILITY = YES_AGGRESSIVE;
				CLANG_WARN_UNREACHABLE_CODE = YES;
				CLANG_WARN__DUPLICATE_METHOD_MATCH = YES;
				COPY_PHASE_STRIP = NO;
				DEBUG_INFORMATION_FORMAT = "dwarf-with-dsym";
				ENABLE_NS_ASSERTIONS = NO;
				ENABLE_STRICT_OBJC_MSGSEND = YES;
				GCC_C_LANGUAGE_STANDARD = gnu11;
				GCC_NO_COMMON_BLOCKS = YES;
				GCC_WARN_64_TO_32_BIT_CONVERSION = YES;
				GCC_WARN_ABOUT_RETURN_TYPE = YES_ERROR;
				GCC_WARN_UNDECLARED_SELECTOR = YES;
				GCC_WARN_UNINITIALIZED_AUTOS = YES_AGGRESSIVE;
				GCC_WARN_UNUSED_FUNCTION = YES;
				GCC_WARN_UNUSED_VARIABLE = YES;
				IPHONEOS_DEPLOYMENT_TARGET = 16.4;
				MTL_ENABLE_DEBUG_INFO = NO;
				MTL_FAST_MATH = YES;
				SDKROOT = iphoneos;
				SWIFT_COMPILATION_MODE = wholemodule;
				SWIFT_OPTIMIZATION_LEVEL = "-O";
				VALIDATE_PRODUCT = YES;
			};
			name = Release;
		};
		4F54D03D29F8F74B00D882F1 /* Debug */ = {
			isa = XCBuildConfiguration;
			baseConfigurationReference = ECC027387BED35B49D9C6637 /* Pods-MyPortfolio.debug.xcconfig */;
			buildSettings = {
				ASSETCATALOG_COMPILER_APPICON_NAME = AppIcon;
				ASSETCATALOG_COMPILER_GLOBAL_ACCENT_COLOR_NAME = AccentColor;
				CODE_SIGN_STYLE = Automatic;
				CURRENT_PROJECT_VERSION = 1;
				GENERATE_INFOPLIST_FILE = YES;
				INFOPLIST_FILE = MyPortfolio/Info.plist;
				INFOPLIST_KEY_UIApplicationSupportsIndirectInputEvents = YES;
				INFOPLIST_KEY_UILaunchStoryboardName = LaunchScreen;
				INFOPLIST_KEY_UIMainStoryboardFile = Main;
				INFOPLIST_KEY_UISupportedInterfaceOrientations_iPad = "UIInterfaceOrientationPortrait UIInterfaceOrientationPortraitUpsideDown UIInterfaceOrientationLandscapeLeft UIInterfaceOrientationLandscapeRight";
				INFOPLIST_KEY_UISupportedInterfaceOrientations_iPhone = "UIInterfaceOrientationPortrait UIInterfaceOrientationLandscapeLeft UIInterfaceOrientationLandscapeRight";
				LD_RUNPATH_SEARCH_PATHS = (
					"$(inherited)",
					"@executable_path/Frameworks",
				);
				MARKETING_VERSION = 1.0;
				PRODUCT_BUNDLE_IDENTIFIER = com.xyz.MyPortfolio;
				PRODUCT_NAME = "$(TARGET_NAME)";
				SWIFT_EMIT_LOC_STRINGS = YES;
				SWIFT_VERSION = 5.0;
				TARGETED_DEVICE_FAMILY = "1,2";
			};
			name = Debug;
		};
		4F54D03E29F8F74B00D882F1 /* Release */ = {
			isa = XCBuildConfiguration;
			baseConfigurationReference = 6426FECF0DB5DE0EB143039D /* Pods-MyPortfolio.release.xcconfig */;
			buildSettings = {
				ASSETCATALOG_COMPILER_APPICON_NAME = AppIcon;
				ASSETCATALOG_COMPILER_GLOBAL_ACCENT_COLOR_NAME = AccentColor;
				CODE_SIGN_STYLE = Automatic;
				CURRENT_PROJECT_VERSION = 1;
				GENERATE_INFOPLIST_FILE = YES;
				INFOPLIST_FILE = MyPortfolio/Info.plist;
				INFOPLIST_KEY_UIApplicationSupportsIndirectInputEvents = YES;
				INFOPLIST_KEY_UILaunchStoryboardName = LaunchScreen;
				INFOPLIST_KEY_UIMainStoryboardFile = Main;
				INFOPLIST_KEY_UISupportedInterfaceOrientations_iPad = "UIInterfaceOrientationPortrait UIInterfaceOrientationPortraitUpsideDown UIInterfaceOrientationLandscapeLeft UIInterfaceOrientationLandscapeRight";
				INFOPLIST_KEY_UISupportedInterfaceOrientations_iPhone = "UIInterfaceOrientationPortrait UIInterfaceOrientationLandscapeLeft UIInterfaceOrientationLandscapeRight";
				LD_RUNPATH_SEARCH_PATHS = (
					"$(inherited)",
					"@executable_path/Frameworks",
				);
				MARKETING_VERSION = 1.0;
				PRODUCT_BUNDLE_IDENTIFIER = com.xyz.MyPortfolio;
				PRODUCT_NAME = "$(TARGET_NAME)";
				SWIFT_EMIT_LOC_STRINGS = YES;
				SWIFT_VERSION = 5.0;
				TARGETED_DEVICE_FAMILY = "1,2";
			};
			name = Release;
		};
		4F54D04029F8F74B00D882F1 /* Debug */ = {
			isa = XCBuildConfiguration;
			baseConfigurationReference = 342BAA744BE8EE88FDB321EF /* Pods-MyPortfolioTests.debug.xcconfig */;
			buildSettings = {
				ALWAYS_EMBED_SWIFT_STANDARD_LIBRARIES = YES;
				BUNDLE_LOADER = "$(TEST_HOST)";
				CODE_SIGN_STYLE = Automatic;
				CURRENT_PROJECT_VERSION = 1;
				GENERATE_INFOPLIST_FILE = YES;
				IPHONEOS_DEPLOYMENT_TARGET = 16.4;
				MARKETING_VERSION = 1.0;
				PRODUCT_BUNDLE_IDENTIFIER = com.xyz.MyPortfolioTests;
				PRODUCT_NAME = "$(TARGET_NAME)";
				SWIFT_EMIT_LOC_STRINGS = NO;
				SWIFT_VERSION = 5.0;
				TARGETED_DEVICE_FAMILY = "1,2";
				TEST_HOST = "$(BUILT_PRODUCTS_DIR)/MyPortfolio.app/$(BUNDLE_EXECUTABLE_FOLDER_PATH)/MyPortfolio";
			};
			name = Debug;
		};
		4F54D04129F8F74B00D882F1 /* Release */ = {
			isa = XCBuildConfiguration;
			baseConfigurationReference = 3BD5DEF2358913B382A6367B /* Pods-MyPortfolioTests.release.xcconfig */;
			buildSettings = {
				ALWAYS_EMBED_SWIFT_STANDARD_LIBRARIES = YES;
				BUNDLE_LOADER = "$(TEST_HOST)";
				CODE_SIGN_STYLE = Automatic;
				CURRENT_PROJECT_VERSION = 1;
				GENERATE_INFOPLIST_FILE = YES;
				IPHONEOS_DEPLOYMENT_TARGET = 16.4;
				MARKETING_VERSION = 1.0;
				PRODUCT_BUNDLE_IDENTIFIER = com.xyz.MyPortfolioTests;
				PRODUCT_NAME = "$(TARGET_NAME)";
				SWIFT_EMIT_LOC_STRINGS = NO;
				SWIFT_VERSION = 5.0;
				TARGETED_DEVICE_FAMILY = "1,2";
				TEST_HOST = "$(BUILT_PRODUCTS_DIR)/MyPortfolio.app/$(BUNDLE_EXECUTABLE_FOLDER_PATH)/MyPortfolio";
			};
			name = Release;
		};
		4F54D04329F8F74B00D882F1 /* Debug */ = {
			isa = XCBuildConfiguration;
			baseConfigurationReference = 9AE55D8E943345F8365F458E /* Pods-MyPortfolio-MyPortfolioUITests.debug.xcconfig */;
			buildSettings = {
				ALWAYS_EMBED_SWIFT_STANDARD_LIBRARIES = YES;
				CODE_SIGN_STYLE = Automatic;
				CURRENT_PROJECT_VERSION = 1;
				GENERATE_INFOPLIST_FILE = YES;
				MARKETING_VERSION = 1.0;
				PRODUCT_BUNDLE_IDENTIFIER = com.xyz.MyPortfolioUITests;
				PRODUCT_NAME = "$(TARGET_NAME)";
				SWIFT_EMIT_LOC_STRINGS = NO;
				SWIFT_VERSION = 5.0;
				TARGETED_DEVICE_FAMILY = "1,2";
				TEST_TARGET_NAME = MyPortfolio;
			};
			name = Debug;
		};
		4F54D04429F8F74B00D882F1 /* Release */ = {
			isa = XCBuildConfiguration;
			baseConfigurationReference = E9BD776506A4B34EF133267D /* Pods-MyPortfolio-MyPortfolioUITests.release.xcconfig */;
			buildSettings = {
				ALWAYS_EMBED_SWIFT_STANDARD_LIBRARIES = YES;
				CODE_SIGN_STYLE = Automatic;
				CURRENT_PROJECT_VERSION = 1;
				GENERATE_INFOPLIST_FILE = YES;
				MARKETING_VERSION = 1.0;
				PRODUCT_BUNDLE_IDENTIFIER = com.xyz.MyPortfolioUITests;
				PRODUCT_NAME = "$(TARGET_NAME)";
				SWIFT_EMIT_LOC_STRINGS = NO;
				SWIFT_VERSION = 5.0;
				TARGETED_DEVICE_FAMILY = "1,2";
				TEST_TARGET_NAME = MyPortfolio;
			};
			name = Release;
		};
/* End XCBuildConfiguration section */

/* Begin XCConfigurationList section */
		4F54D00D29F8F74900D882F1 /* Build configuration list for PBXProject "MyPortfolio" */ = {
			isa = XCConfigurationList;
			buildConfigurations = (
				4F54D03A29F8F74B00D882F1 /* Debug */,
				4F54D03B29F8F74B00D882F1 /* Release */,
			);
			defaultConfigurationIsVisible = 0;
			defaultConfigurationName = Release;
		};
		4F54D03C29F8F74B00D882F1 /* Build configuration list for PBXNativeTarget "MyPortfolio" */ = {
			isa = XCConfigurationList;
			buildConfigurations = (
				4F54D03D29F8F74B00D882F1 /* Debug */,
				4F54D03E29F8F74B00D882F1 /* Release */,
			);
			defaultConfigurationIsVisible = 0;
			defaultConfigurationName = Release;
		};
		4F54D03F29F8F74B00D882F1 /* Build configuration list for PBXNativeTarget "MyPortfolioTests" */ = {
			isa = XCConfigurationList;
			buildConfigurations = (
				4F54D04029F8F74B00D882F1 /* Debug */,
				4F54D04129F8F74B00D882F1 /* Release */,
			);
			defaultConfigurationIsVisible = 0;
			defaultConfigurationName = Release;
		};
		4F54D04229F8F74B00D882F1 /* Build configuration list for PBXNativeTarget "MyPortfolioUITests" */ = {
			isa = XCConfigurationList;
			buildConfigurations = (
				4F54D04329F8F74B00D882F1 /* Debug */,
				4F54D04429F8F74B00D882F1 /* Release */,
			);
			defaultConfigurationIsVisible = 0;
			defaultConfigurationName = Release;
		};
/* End XCConfigurationList section */
	};
	rootObject = 4F54D00A29F8F74900D882F1 /* Project object */;
}
